
Microsoft Visual Studio Solution File, Format Version 12.00
# Visual Studio Version 17
VisualStudioVersion = 17.13.35806.99 d17.13
MinimumVisualStudioVersion = 10.0.40219.1
Project("{FAE04EC0-301F-11D3-BF4B-00C04F79EFBC}") = "fase02", "fase02.csproj", "{DD3DB379-0DB5-4707-8AFF-BE1A24388F7A}"
EndProject
Global
	GlobalSection(SolutionConfigurationPlatforms) = preSolution
		Debug|Any CPU = Debug|Any CPU
		Release|Any CPU = Release|Any CPU
	EndGlobalSection
	GlobalSection(ProjectConfigurationPlatforms) = postSolution
		{DD3DB379-0DB5-4707-8AFF-BE1A24388F7A}.Debug|Any CPU.ActiveCfg = Debug|Any CPU
		{DD3DB379-0DB5-4707-8AFF-BE1A24388F7A}.Debug|Any CPU.Build.0 = Debug|Any CPU
		{DD3DB379-0DB5-4707-8AFF-BE1A24388F7A}.Release|Any CPU.ActiveCfg = Release|Any CPU
		{DD3DB379-0DB5-4707-8AFF-BE1A24388F7A}.Release|Any CPU.Build.0 = Release|Any CPU
	EndGlobalSection
	GlobalSection(SolutionProperties) = preSolution
		HideSolutionNode = FALSE
	EndGlobalSection
	GlobalSection(ExtensibilityGlobals) = postSolution
		SolutionGuid = {D7D64564-DCAC-4473-AA67-90CDAF579378}
	EndGlobalSection
EndGlobal
